
Microsoft Visual Studio Solution File, Format Version 12.00
# Visual Studio Version 16
VisualStudioVersion = 16.0.29613.14
MinimumVisualStudioVersion = 10.0.40219.1
Project("{E24C65DC-7377-472B-9ABA-BC803B73C61A}") = "WebSite", "WebSite\", "{2AE6EB68-BD38-4B98-8D0B-E5CBE0A9D43B}"
	ProjectSection(WebsiteProperties) = preProject
		TargetFrameworkMoniker = ".NETFramework,Version%3Dv4.6.1"
		Debug.AspNetCompiler.VirtualPath = "/localhost_54272"
		Debug.AspNetCompiler.PhysicalPath = "WebSite\"
		Debug.AspNetCompiler.TargetPath = "PrecompiledWeb\localhost_54272\"
		Debug.AspNetCompiler.Updateable = "true"
		Debug.AspNetCompiler.ForceOverwrite = "true"
		Debug.AspNetCompiler.FixedNames = "false"
		Debug.AspNetCompiler.Debug = "True"
		Release.AspNetCompiler.VirtualPath = "/localhost_54272"
		Release.AspNetCompiler.PhysicalPath = "WebSite\"
		Release.AspNetCompiler.TargetPath = "PrecompiledWeb\localhost_54272\"
		Release.AspNetCompiler.Updateable = "true"
		Release.AspNetCompiler.ForceOverwrite = "true"
		Release.AspNetCompiler.FixedNames = "false"
		Release.AspNetCompiler.Debug = "False"
		VWDPort = "54272"
		SlnRelativePath = "WebSite\"
	EndProjectSection
EndProject
Project("{FAE04EC0-301F-11D3-BF4B-00C04F79EFBC}") = "DAL", "DAL\DAL.csproj", "{4FA6007E-6472-4767-B603-9CD71CBC84AF}"
EndProject
Project("{FAE04EC0-301F-11D3-BF4B-00C04F79EFBC}") = "DTO", "DTO\DTO.csproj", "{74E3D433-2BFA-4F7F-B803-DE35544FD3F7}"
EndProject
Project("{FAE04EC0-301F-11D3-BF4B-00C04F79EFBC}") = "BLL", "BLL\BLL.csproj", "{EDCA7AEE-50B5-4F6A-8347-0C92DE60E9D5}"
EndProject
Project("{FAE04EC0-301F-11D3-BF4B-00C04F79EFBC}") = "VideoGameWebAPIS", "VideoGameWebAPIS\VideoGameWebAPIS.csproj", "{2B3B6516-4FE6-49CF-AFAC-D8FC595207BC}"
EndProject
Global
	GlobalSection(SolutionConfigurationPlatforms) = preSolution
		Debug|Any CPU = Debug|Any CPU
		Release|Any CPU = Release|Any CPU
	EndGlobalSection
	GlobalSection(ProjectConfigurationPlatforms) = postSolution
		{2AE6EB68-BD38-4B98-8D0B-E5CBE0A9D43B}.Debug|Any CPU.ActiveCfg = Debug|Any CPU
		{2AE6EB68-BD38-4B98-8D0B-E5CBE0A9D43B}.Debug|Any CPU.Build.0 = Debug|Any CPU
		{2AE6EB68-BD38-4B98-8D0B-E5CBE0A9D43B}.Release|Any CPU.ActiveCfg = Debug|Any CPU
		{2AE6EB68-BD38-4B98-8D0B-E5CBE0A9D43B}.Release|Any CPU.Build.0 = Debug|Any CPU
		{4FA6007E-6472-4767-B603-9CD71CBC84AF}.Debug|Any CPU.ActiveCfg = Debug|Any CPU
		{4FA6007E-6472-4767-B603-9CD71CBC84AF}.Debug|Any CPU.Build.0 = Debug|Any CPU
		{4FA6007E-6472-4767-B603-9CD71CBC84AF}.Release|Any CPU.ActiveCfg = Release|Any CPU
		{4FA6007E-6472-4767-B603-9CD71CBC84AF}.Release|Any CPU.Build.0 = Release|Any CPU
		{74E3D433-2BFA-4F7F-B803-DE35544FD3F7}.Debug|Any CPU.ActiveCfg = Debug|Any CPU
		{74E3D433-2BFA-4F7F-B803-DE35544FD3F7}.Debug|Any CPU.Build.0 = Debug|Any CPU
		{74E3D433-2BFA-4F7F-B803-DE35544FD3F7}.Release|Any CPU.ActiveCfg = Release|Any CPU
		{74E3D433-2BFA-4F7F-B803-DE35544FD3F7}.Release|Any CPU.Build.0 = Release|Any CPU
		{EDCA7AEE-50B5-4F6A-8347-0C92DE60E9D5}.Debug|Any CPU.ActiveCfg = Debug|Any CPU
		{EDCA7AEE-50B5-4F6A-8347-0C92DE60E9D5}.Debug|Any CPU.Build.0 = Debug|Any CPU
		{EDCA7AEE-50B5-4F6A-8347-0C92DE60E9D5}.Release|Any CPU.ActiveCfg = Release|Any CPU
		{EDCA7AEE-50B5-4F6A-8347-0C92DE60E9D5}.Release|Any CPU.Build.0 = Release|Any CPU
		{2B3B6516-4FE6-49CF-AFAC-D8FC595207BC}.Debug|Any CPU.ActiveCfg = Debug|Any CPU
		{2B3B6516-4FE6-49CF-AFAC-D8FC595207BC}.Debug|Any CPU.Build.0 = Debug|Any CPU
		{2B3B6516-4FE6-49CF-AFAC-D8FC595207BC}.Release|Any CPU.ActiveCfg = Release|Any CPU
		{2B3B6516-4FE6-49CF-AFAC-D8FC595207BC}.Release|Any CPU.Build.0 = Release|Any CPU
	EndGlobalSection
	GlobalSection(SolutionProperties) = preSolution
		HideSolutionNode = FALSE
	EndGlobalSection
	GlobalSection(ExtensibilityGlobals) = postSolution
		SolutionGuid = {55AACE3C-38E4-4584-B179-82926621DF9E}
	EndGlobalSection
EndGlobal
